
Microsoft Visual Studio Solution File, Format Version 12.00
Project("{FAE04EC0-301F-11D3-BF4B-00C04F79EFBC}") = "C4G.Standalone", "C4G.Standalone\C4G.Standalone.csproj", "{292C4CB3-2E48-492A-A0DA-BF0B24539499}"
EndProject
Project("{FAE04EC0-301F-11D3-BF4B-00C04F79EFBC}") = "C4G.Standalone.Tests", "C4G.Standalone.Tests\C4G.Standalone.Tests.csproj", "{2513C0C8-448A-4B2E-A9D3-3C41521059B1}"
EndProject
Global
	GlobalSection(SolutionConfigurationPlatforms) = preSolution
		Debug|Any CPU = Debug|Any CPU
		Release|Any CPU = Release|Any CPU
	EndGlobalSection
	GlobalSection(ProjectConfigurationPlatforms) = postSolution
		{292C4CB3-2E48-492A-A0DA-BF0B24539499}.Debug|Any CPU.ActiveCfg = Debug|Any CPU
		{292C4CB3-2E48-492A-A0DA-BF0B24539499}.Debug|Any CPU.Build.0 = Debug|Any CPU
		{292C4CB3-2E48-492A-A0DA-BF0B24539499}.Release|Any CPU.ActiveCfg = Release|Any CPU
		{292C4CB3-2E48-492A-A0DA-BF0B24539499}.Release|Any CPU.Build.0 = Release|Any CPU
		{2513C0C8-448A-4B2E-A9D3-3C41521059B1}.Debug|Any CPU.ActiveCfg = Debug|Any CPU
		{2513C0C8-448A-4B2E-A9D3-3C41521059B1}.Debug|Any CPU.Build.0 = Debug|Any CPU
		{2513C0C8-448A-4B2E-A9D3-3C41521059B1}.Release|Any CPU.ActiveCfg = Release|Any CPU
		{2513C0C8-448A-4B2E-A9D3-3C41521059B1}.Release|Any CPU.Build.0 = Release|Any CPU
	EndGlobalSection
EndGlobal
